
Microsoft Visual Studio Solution File, Format Version 12.00
# Visual Studio Version 17
VisualStudioVersion = 17.4.33205.214
MinimumVisualStudioVersion = 10.0.40219.1
Project("{9A19103F-16F7-4668-BE54-9A1E7A4F7556}") = "FaruSneaker", "FaruSneaker\FaruSneaker.csproj", "{502AC473-7108-41C7-BEBF-5BF5ED33F92B}"
EndProject
Project("{FAE04EC0-301F-11D3-BF4B-00C04F79EFBC}") = "DAL", "DAL\DAL.csproj", "{0DD217EF-E579-418A-B5C0-1C2A52A3DEB8}"
EndProject
Project("{FAE04EC0-301F-11D3-BF4B-00C04F79EFBC}") = "BUS", "BUS\BUS.csproj", "{FADD6E4B-8AB2-4D61-A410-6E3993BBA19F}"
EndProject
Global
	GlobalSection(SolutionConfigurationPlatforms) = preSolution
		Debug|Any CPU = Debug|Any CPU
		Release|Any CPU = Release|Any CPU
	EndGlobalSection
	GlobalSection(ProjectConfigurationPlatforms) = postSolution
		{502AC473-7108-41C7-BEBF-5BF5ED33F92B}.Debug|Any CPU.ActiveCfg = Debug|Any CPU
		{502AC473-7108-41C7-BEBF-5BF5ED33F92B}.Debug|Any CPU.Build.0 = Debug|Any CPU
		{502AC473-7108-41C7-BEBF-5BF5ED33F92B}.Release|Any CPU.ActiveCfg = Release|Any CPU
		{502AC473-7108-41C7-BEBF-5BF5ED33F92B}.Release|Any CPU.Build.0 = Release|Any CPU
		{0DD217EF-E579-418A-B5C0-1C2A52A3DEB8}.Debug|Any CPU.ActiveCfg = Debug|Any CPU
		{0DD217EF-E579-418A-B5C0-1C2A52A3DEB8}.Debug|Any CPU.Build.0 = Debug|Any CPU
		{0DD217EF-E579-418A-B5C0-1C2A52A3DEB8}.Release|Any CPU.ActiveCfg = Release|Any CPU
		{0DD217EF-E579-418A-B5C0-1C2A52A3DEB8}.Release|Any CPU.Build.0 = Release|Any CPU
		{FADD6E4B-8AB2-4D61-A410-6E3993BBA19F}.Debug|Any CPU.ActiveCfg = Debug|Any CPU
		{FADD6E4B-8AB2-4D61-A410-6E3993BBA19F}.Debug|Any CPU.Build.0 = Debug|Any CPU
		{FADD6E4B-8AB2-4D61-A410-6E3993BBA19F}.Release|Any CPU.ActiveCfg = Release|Any CPU
		{FADD6E4B-8AB2-4D61-A410-6E3993BBA19F}.Release|Any CPU.Build.0 = Release|Any CPU
	EndGlobalSection
	GlobalSection(SolutionProperties) = preSolution
		HideSolutionNode = FALSE
	EndGlobalSection
	GlobalSection(ExtensibilityGlobals) = postSolution
		SolutionGuid = {F0D3EC21-CD5A-4488-A66A-C0070F0316A6}
	EndGlobalSection
EndGlobal
